
Microsoft Visual Studio Solution File, Format Version 12.00
# Visual Studio Version 16
VisualStudioVersion = 16.0.30114.105
MinimumVisualStudioVersion = 10.0.40219.1
Project("{FAE04EC0-301F-11D3-BF4B-00C04F79EFBC}") = "StoreApp", "StoreApp\StoreApp.csproj", "{B2F5BFB9-85EF-47FD-AAD7-1ED106936879}"
EndProject
Project("{FAE04EC0-301F-11D3-BF4B-00C04F79EFBC}") = "Entities", "Entities\Entities.csproj", "{91BF35A1-9D4B-4403-80DE-A68560DE1E72}"
EndProject
Project("{FAE04EC0-301F-11D3-BF4B-00C04F79EFBC}") = "Repositories", "Repositories\Repositories.csproj", "{5A7000F0-2EE0-4971-B7B5-7648A459EED2}"
EndProject
Project("{FAE04EC0-301F-11D3-BF4B-00C04F79EFBC}") = "Services", "Services\Services.csproj", "{EB6672CB-4E1B-492F-A900-CE6DE7235F45}"
EndProject
Global
	GlobalSection(SolutionConfigurationPlatforms) = preSolution
		Debug|Any CPU = Debug|Any CPU
		Release|Any CPU = Release|Any CPU
	EndGlobalSection
	GlobalSection(SolutionProperties) = preSolution
		HideSolutionNode = FALSE
	EndGlobalSection
	GlobalSection(ProjectConfigurationPlatforms) = postSolution
		{B2F5BFB9-85EF-47FD-AAD7-1ED106936879}.Debug|Any CPU.ActiveCfg = Debug|Any CPU
		{B2F5BFB9-85EF-47FD-AAD7-1ED106936879}.Debug|Any CPU.Build.0 = Debug|Any CPU
		{B2F5BFB9-85EF-47FD-AAD7-1ED106936879}.Release|Any CPU.ActiveCfg = Release|Any CPU
		{B2F5BFB9-85EF-47FD-AAD7-1ED106936879}.Release|Any CPU.Build.0 = Release|Any CPU
		{91BF35A1-9D4B-4403-80DE-A68560DE1E72}.Debug|Any CPU.ActiveCfg = Debug|Any CPU
		{91BF35A1-9D4B-4403-80DE-A68560DE1E72}.Debug|Any CPU.Build.0 = Debug|Any CPU
		{91BF35A1-9D4B-4403-80DE-A68560DE1E72}.Release|Any CPU.ActiveCfg = Release|Any CPU
		{91BF35A1-9D4B-4403-80DE-A68560DE1E72}.Release|Any CPU.Build.0 = Release|Any CPU
		{5A7000F0-2EE0-4971-B7B5-7648A459EED2}.Debug|Any CPU.ActiveCfg = Debug|Any CPU
		{5A7000F0-2EE0-4971-B7B5-7648A459EED2}.Debug|Any CPU.Build.0 = Debug|Any CPU
		{5A7000F0-2EE0-4971-B7B5-7648A459EED2}.Release|Any CPU.ActiveCfg = Release|Any CPU
		{5A7000F0-2EE0-4971-B7B5-7648A459EED2}.Release|Any CPU.Build.0 = Release|Any CPU
		{EB6672CB-4E1B-492F-A900-CE6DE7235F45}.Debug|Any CPU.ActiveCfg = Debug|Any CPU
		{EB6672CB-4E1B-492F-A900-CE6DE7235F45}.Debug|Any CPU.Build.0 = Debug|Any CPU
		{EB6672CB-4E1B-492F-A900-CE6DE7235F45}.Release|Any CPU.ActiveCfg = Release|Any CPU
		{EB6672CB-4E1B-492F-A900-CE6DE7235F45}.Release|Any CPU.Build.0 = Release|Any CPU
	EndGlobalSection
EndGlobal
